
Microsoft Visual Studio Solution File, Format Version 12.00
# Visual Studio Version 17
VisualStudioVersion = 17.6.33815.320
MinimumVisualStudioVersion = 10.0.40219.1
Project("{8BC9CEB8-8B4A-11D0-8D11-00A0C91BC942}") = "Main", "Main\Main.vcxproj", "{C893C2EA-E0D7-4D7B-B4CD-7871749145C2}"
EndProject
Project("{8BC9CEB8-8B4A-11D0-8D11-00A0C91BC942}") = "Test", "Test\Test.vcxproj", "{9A3FF757-9729-4E40-A97D-498EC793F3AE}"
EndProject
Project("{2150E333-8FDC-42A3-9474-1A3956D46DE8}") = "Элементы решения", "Элементы решения", "{FCE82316-D293-47EE-AD4E-CA028313AD86}"
	ProjectSection(SolutionItems) = preProject
		CMakeLists.txt = CMakeLists.txt
	EndProjectSection
EndProject
Global
	GlobalSection(SolutionConfigurationPlatforms) = preSolution
		Debug|x64 = Debug|x64
		Debug|x86 = Debug|x86
		Release|x64 = Release|x64
		Release|x86 = Release|x86
	EndGlobalSection
	GlobalSection(ProjectConfigurationPlatforms) = postSolution
		{C893C2EA-E0D7-4D7B-B4CD-7871749145C2}.Debug|x64.ActiveCfg = Debug|x64
		{C893C2EA-E0D7-4D7B-B4CD-7871749145C2}.Debug|x64.Build.0 = Debug|x64
		{C893C2EA-E0D7-4D7B-B4CD-7871749145C2}.Debug|x86.ActiveCfg = Debug|Win32
		{C893C2EA-E0D7-4D7B-B4CD-7871749145C2}.Debug|x86.Build.0 = Debug|Win32
		{C893C2EA-E0D7-4D7B-B4CD-7871749145C2}.Release|x64.ActiveCfg = Release|x64
		{C893C2EA-E0D7-4D7B-B4CD-7871749145C2}.Release|x64.Build.0 = Release|x64
		{C893C2EA-E0D7-4D7B-B4CD-7871749145C2}.Release|x86.ActiveCfg = Release|Win32
		{C893C2EA-E0D7-4D7B-B4CD-7871749145C2}.Release|x86.Build.0 = Release|Win32
		{9A3FF757-9729-4E40-A97D-498EC793F3AE}.Debug|x64.ActiveCfg = Debug|x64
		{9A3FF757-9729-4E40-A97D-498EC793F3AE}.Debug|x64.Build.0 = Debug|x64
		{9A3FF757-9729-4E40-A97D-498EC793F3AE}.Debug|x86.ActiveCfg = Debug|Win32
		{9A3FF757-9729-4E40-A97D-498EC793F3AE}.Debug|x86.Build.0 = Debug|Win32
		{9A3FF757-9729-4E40-A97D-498EC793F3AE}.Release|x64.ActiveCfg = Release|x64
		{9A3FF757-9729-4E40-A97D-498EC793F3AE}.Release|x64.Build.0 = Release|x64
		{9A3FF757-9729-4E40-A97D-498EC793F3AE}.Release|x86.ActiveCfg = Release|Win32
		{9A3FF757-9729-4E40-A97D-498EC793F3AE}.Release|x86.Build.0 = Release|Win32
	EndGlobalSection
	GlobalSection(SolutionProperties) = preSolution
		HideSolutionNode = FALSE
	EndGlobalSection
	GlobalSection(ExtensibilityGlobals) = postSolution
		SolutionGuid = {D60EABA8-3EE6-4B07-85E4-5259D3CA30FE}
	EndGlobalSection
EndGlobal
